# This file is generated by running "yarn install" inside your project.
# Manual changes might be lost - proceed with caution!

__metadata:
  version: 8
  cacheKey: 10c0

"@elm_binaries/darwin_arm64@npm:0.19.1-0":
  version: 0.19.1-0
  resolution: "@elm_binaries/darwin_arm64@npm:0.19.1-0"
  conditions: os=darwin & cpu=arm64
  languageName: node
  linkType: hard

"@elm_binaries/darwin_x64@npm:0.19.1-0":
  version: 0.19.1-0
  resolution: "@elm_binaries/darwin_x64@npm:0.19.1-0"
  conditions: os=darwin & cpu=x64
  languageName: node
  linkType: hard

"@elm_binaries/linux_x64@npm:0.19.1-0":
  version: 0.19.1-0
  resolution: "@elm_binaries/linux_x64@npm:0.19.1-0"
  conditions: os=linux & cpu=x64
  languageName: node
  linkType: hard

"@elm_binaries/win32_x64@npm:0.19.1-0":
  version: 0.19.1-0
  resolution: "@elm_binaries/win32_x64@npm:0.19.1-0"
  conditions: os=win32 & cpu=x64
  languageName: node
  linkType: hard

"JSONSelect@npm:0.4.0":
  version: 0.4.0
  resolution: "JSONSelect@npm:0.4.0"
  checksum: 10c0/754f7fad0d6c6f193c67b59b0732e188cb5a48a4d39d25f501f3514c37cb66ef47e8b65bb3b7a7fcbbbda1c2b32bf2b2420d723897bc4135a9325ab1ffdcfeb8
  languageName: node
  linkType: hard

"JSV@npm:>= 4.0.x":
  version: 4.0.2
  resolution: "JSV@npm:4.0.2"
  checksum: 10c0/51c9da17f8b064ef11f287b4488ca5d5f5b747ccbf5185b1d02f7e7d8a6116374ee0b26f87dd2e44b592dcfbf254352e2b0452bdb954ec959ec09819384f14aa
  languageName: node
  linkType: hard

"amdefine@npm:>=0.0.4":
  version: 1.0.1
  resolution: "amdefine@npm:1.0.1"
  checksum: 10c0/ba8aa5d4ff5248b2ed067111e72644b36b5b7ae88d9a5a2c4223dddb3bdc9102db67291e0b414f59f12c6479ac6a365886bac72c7965e627cbc732e0962dd1ab
  languageName: node
  linkType: hard

"ansi-styles@npm:~1.0.0":
  version: 1.0.0
  resolution: "ansi-styles@npm:1.0.0"
  checksum: 10c0/940e0422e80025975f7d55ad177da151936094df013f7aa56b062656b81457423cf7f9dea26fb3fc8dc8c1e943eb4c6954736196892a3e825b877bd8acbfe939
  languageName: node
  linkType: hard

"chalk@npm:~0.4.0":
  version: 0.4.0
  resolution: "chalk@npm:0.4.0"
  dependencies:
    ansi-styles: "npm:~1.0.0"
    has-color: "npm:~0.1.0"
    strip-ansi: "npm:~0.1.0"
  checksum: 10c0/c6ad1d0c341d8e133bf518ca953a80aac5e46f006dc293878cd919e7bed524f6b14893d9b3081737ed0ff4a85d1d9f9a395aad8286a5c0a7dcf3bfd6df5e7aca
  languageName: node
  linkType: hard

"cjson@npm:0.3.0":
  version: 0.3.0
  resolution: "cjson@npm:0.3.0"
  dependencies:
    jsonlint: "npm:1.6.0"
  checksum: 10c0/65cf31918087feda86e8216a52fdef093130171d58ac3fdd971910ff82bc9bcc9ebeb0d456b13d4214d03cde12a14b936725d2946de8437535e3200cb8781bc1
  languageName: node
  linkType: hard

"colors@npm:0.5.x":
  version: 0.5.1
  resolution: "colors@npm:0.5.1"
  checksum: 10c0/d551a4d6bb36e4ec999656bf26091dbc7383c0b905fb2d48bb170ceda950bb5543040e4a8659a16e1f2c8dbb13fecb0b8176850adcff803bf1fba0c3f5d52479
  languageName: node
  linkType: hard

"ebnf-parser@npm:0.1.10":
  version: 0.1.10
  resolution: "ebnf-parser@npm:0.1.10"
  checksum: 10c0/020d696f0a2083c94330c91b9e57315c6111e38811c14b03570f79f234377660c6981b6a92bb7f586b4959e70edceb9981ec3034460e7e7a6ee7f161c22099e8
  languageName: node
  linkType: hard

"elm@npm:^0.19.1-3":
  version: 0.19.1-6
  resolution: "elm@npm:0.19.1-6"
  dependencies:
    "@elm_binaries/darwin_arm64": "npm:0.19.1-0"
    "@elm_binaries/darwin_x64": "npm:0.19.1-0"
    "@elm_binaries/linux_x64": "npm:0.19.1-0"
    "@elm_binaries/win32_x64": "npm:0.19.1-0"
  dependenciesMeta:
    "@elm_binaries/darwin_arm64":
      optional: true
    "@elm_binaries/darwin_x64":
      optional: true
    "@elm_binaries/linux_x64":
      optional: true
    "@elm_binaries/win32_x64":
      optional: true
  bin:
    elm: bin/elm
  checksum: 10c0/8fe067b18d66afcc6d843d49ed7fbce7ac93bbdaf9b53fafb57c3396a763ae23b6c8a69346143b6d59bf97e2e57d207a578bd6d4600952babff9934b8643c4c4
  languageName: node
  linkType: hard

"escodegen@npm:1.3.x":
  version: 1.3.3
  resolution: "escodegen@npm:1.3.3"
  dependencies:
    esprima: "npm:~1.1.1"
    estraverse: "npm:~1.5.0"
    esutils: "npm:~1.0.0"
    source-map: "npm:~0.1.33"
  dependenciesMeta:
    source-map:
      optional: true
  bin:
    escodegen: ./bin/escodegen.js
    esgenerate: ./bin/esgenerate.js
  checksum: 10c0/58827423736f5bc0e67f057be4c66388e0e8e5902bbf166a6323e3f545efca0d4f0c03c0c7340dfb1977058de67d6f2217595e40ad54600ba442d80640ff9fdd
  languageName: node
  linkType: hard

"esprima@npm:1.1.x, esprima@npm:~1.1.1":
  version: 1.1.1
  resolution: "esprima@npm:1.1.1"
  bin:
    esparse: ./bin/esparse.js
    esvalidate: ./bin/esvalidate.js
  checksum: 10c0/3ae82eda2d9f540c5f8c8917af63fa9ef6d0c9857a7cb14585a24fa1860a967293f2a2cb820ae6f81ecd2bb502b439fe1ab8494edbe596d1aeeed8d984c75f6b
  languageName: node
  linkType: hard

"estraverse@npm:~1.5.0":
  version: 1.5.1
  resolution: "estraverse@npm:1.5.1"
  checksum: 10c0/b80e17a2e088a9573cef1fd7a16c5a5ef11a0570c2ef36ca21558b7b23dad361e07e2ad1f1b99dbfb264720416ceedefc817bbb723683b398161425223b4bf1e
  languageName: node
  linkType: hard

"esutils@npm:~1.0.0":
  version: 1.0.0
  resolution: "esutils@npm:1.0.0"
  checksum: 10c0/da208c8481a6a7e6deb3a720e7cc9eb44a62d4bfc9a15c44229d3337d1542f4f9f0a258d9eb7ef03ad158b4fa94be95f8831675e67ff656b0a227c2b562d52b4
  languageName: node
  linkType: hard

"has-color@npm:~0.1.0":
  version: 0.1.7
  resolution: "has-color@npm:0.1.7"
  checksum: 10c0/c764308047c43f48fb421fc2a041b883547f3a3c8204cdfc0e36595da7bdf8ab317251f1511bdd0597e4be2fcf0fa29db5c52df81001e3b0b8d864ef1dbecbe3
  languageName: node
  linkType: hard

"jison-lex@npm:0.3.x":
  version: 0.3.4
  resolution: "jison-lex@npm:0.3.4"
  dependencies:
    lex-parser: "npm:0.1.x"
    nomnom: "npm:1.5.2"
  bin:
    jison-lex: cli.js
  checksum: 10c0/83c6cd571ab6610f12d5f664bddf473b28f1e6f8031d1b7bbb45658be703e6d40f53f38d7753c8b7206ce72a12afe8cfae0b91b4c2e804194a9faf1d41b899ff
  languageName: node
  linkType: hard

"jison@npm:^0.4.18":
  version: 0.4.18
  resolution: "jison@npm:0.4.18"
  dependencies:
    JSONSelect: "npm:0.4.0"
    cjson: "npm:0.3.0"
    ebnf-parser: "npm:0.1.10"
    escodegen: "npm:1.3.x"
    esprima: "npm:1.1.x"
    jison-lex: "npm:0.3.x"
    lex-parser: "npm:~0.1.3"
    nomnom: "npm:1.5.2"
  bin:
    jison: lib/cli.js
  checksum: 10c0/883e371e05cc27d3266778724c19c918aefe8b64809cd9048548bfdec62871f82cb31cbc1dde62adce335d800204cd9e736d98eb241832234b3b762d962fe7c8
  languageName: node
  linkType: hard

"jsonlint@npm:1.6.0":
  version: 1.6.0
  resolution: "jsonlint@npm:1.6.0"
  dependencies:
    JSV: "npm:>= 4.0.x"
    nomnom: "npm:>= 1.5.x"
  bin:
    jsonlint: lib/cli.js
  checksum: 10c0/bd5a29a442aadf1102b73239e94fc4063b386fcacc3ed643b9e7c2c9992c59ea5c5fae9ccb961d10b6d4f6dbb1a2d6446614caaf323466320e5b9dd3ba4bc873
  languageName: node
  linkType: hard

"lex-parser@npm:0.1.x, lex-parser@npm:~0.1.3":
  version: 0.1.4
  resolution: "lex-parser@npm:0.1.4"
  checksum: 10c0/8731c4efb9cf9f27a3c75e091390d774d48dd4db69aa5d0bc3f6c68189993806f065b18d350c5f6d0fa3dcf2df4414d0f266e999889f2f7259bac97c9e499ff5
  languageName: node
  linkType: hard

"makemkv-selector@workspace:.":
  version: 0.0.0-use.local
  resolution: "makemkv-selector@workspace:."
  dependencies:
    elm: "npm:^0.19.1-3"
    jison: "npm:^0.4.18"
    prettier: "npm:^3.8.1"
  languageName: unknown
  linkType: soft

"nomnom@npm:1.5.2":
  version: 1.5.2
  resolution: "nomnom@npm:1.5.2"
  dependencies:
    colors: "npm:0.5.x"
    underscore: "npm:1.1.x"
  checksum: 10c0/b1323543d31e45834ddceca241bf3dc78c00a62c6e47b5fd5c419e5c1a6085a388e5c7a858ee2f88b8acf7d79594d4ce562f469dbb41b321e1f6ec41a9a0658f
  languageName: node
  linkType: hard

"nomnom@npm:>= 1.5.x":
  version: 1.8.1
  resolution: "nomnom@npm:1.8.1"
  dependencies:
    chalk: "npm:~0.4.0"
    underscore: "npm:~1.6.0"
  checksum: 10c0/d086d5da3043f85e68816fb017d013f209ca987d050893a73672bc8946be3284ed1bf3e0c774679fea88ecc47c2d22f505b5adc37748384622afd544d2076d9c
  languageName: node
  linkType: hard

"prettier@npm:^3.8.1":
  version: 3.8.1
  resolution: "prettier@npm:3.8.1"
  bin:
    prettier: bin/prettier.cjs
  checksum: 10c0/33169b594009e48f570471271be7eac7cdcf88a209eed39ac3b8d6d78984039bfa9132f82b7e6ba3b06711f3bfe0222a62a1bfb87c43f50c25a83df1b78a2c42
  languageName: node
  linkType: hard

"source-map@npm:~0.1.33":
  version: 0.1.43
  resolution: "source-map@npm:0.1.43"
  dependencies:
    amdefine: "npm:>=0.0.4"
  checksum: 10c0/0cf092a91a0aadfad21ed7cb9ac78878b16242fcc9cd8f631e340b607f311d2f5391df574a29b9e243b35a7d1efd471f357b4b81da8e65145bcae242d46d0297
  languageName: node
  linkType: hard

"strip-ansi@npm:~0.1.0":
  version: 0.1.1
  resolution: "strip-ansi@npm:0.1.1"
  bin:
    strip-ansi: cli.js
  checksum: 10c0/f593f30d82c9b3ff694b125aef5c8779aeedab5556ccaacfe62431c895d2ecfcbb7dcf1bdc4172d1a5350a77534a671d8a4c6546b08a676e5ad108c49cc09b0d
  languageName: node
  linkType: hard

"underscore@npm:1.1.x":
  version: 1.1.7
  resolution: "underscore@npm:1.1.7"
  checksum: 10c0/6779bcb293e75be96dcb5ff640322433dcf0d002e0e9d31e3cfa01daa7e020cb4f28a766c69537ce5cfc9ec8cf17fea68658928a83f8a9801eb9ffa1a24984b1
  languageName: node
  linkType: hard

"underscore@npm:~1.6.0":
  version: 1.6.0
  resolution: "underscore@npm:1.6.0"
  checksum: 10c0/23db03890dc042984b5a6082f2784969aa1af0110b11486347b84e3e1c5ebc3a83531cfc031097900ccfc88cf2ded43970220d94e388e5b10e56519813d7d029
  languageName: node
  linkType: hard
